
Microsoft Visual Studio Solution File, Format Version 12.00
# Visual Studio 15
VisualStudioVersion = 15.0.28010.2003
MinimumVisualStudioVersion = 10.0.40219.1
Project("{FAE04EC0-301F-11D3-BF4B-00C04F79EFBC}") = "XaMaps.Android", "XaMaps\XaMaps.Android\XaMaps.Android.csproj", "{1995751C-6F6E-42A2-894D-B2CDE87AAF30}"
EndProject
Project("{FAE04EC0-301F-11D3-BF4B-00C04F79EFBC}") = "XaMaps.iOS", "XaMaps\XaMaps.iOS\XaMaps.iOS.csproj", "{3BB3E283-9049-42DE-A072-C458F2BDFA28}"
EndProject
Project("{FAE04EC0-301F-11D3-BF4B-00C04F79EFBC}") = "XaMaps.UWP", "XaMaps\XaMaps.UWP\XaMaps.UWP.csproj", "{F937EADA-C469-42A5-90E2-F3F5DF754788}"
EndProject
Project("{FAE04EC0-301F-11D3-BF4B-00C04F79EFBC}") = "XaMaps", "XaMaps\XaMaps\XaMaps.csproj", "{753BE8F3-122F-434A-956C-D32804249D21}"
EndProject
Global
	GlobalSection(SolutionConfigurationPlatforms) = preSolution
		Ad-Hoc|Any CPU = Ad-Hoc|Any CPU
		Ad-Hoc|ARM = Ad-Hoc|ARM
		Ad-Hoc|iPhone = Ad-Hoc|iPhone
		Ad-Hoc|iPhoneSimulator = Ad-Hoc|iPhoneSimulator
		Ad-Hoc|x64 = Ad-Hoc|x64
		Ad-Hoc|x86 = Ad-Hoc|x86
		AppStore|Any CPU = AppStore|Any CPU
		AppStore|ARM = AppStore|ARM
		AppStore|iPhone = AppStore|iPhone
		AppStore|iPhoneSimulator = AppStore|iPhoneSimulator
		AppStore|x64 = AppStore|x64
		AppStore|x86 = AppStore|x86
		Debug|Any CPU = Debug|Any CPU
		Debug|ARM = Debug|ARM
		Debug|iPhone = Debug|iPhone
		Debug|iPhoneSimulator = Debug|iPhoneSimulator
		Debug|x64 = Debug|x64
		Debug|x86 = Debug|x86
		Release|Any CPU = Release|Any CPU
		Release|ARM = Release|ARM
		Release|iPhone = Release|iPhone
		Release|iPhoneSimulator = Release|iPhoneSimulator
		Release|x64 = Release|x64
		Release|x86 = Release|x86
	EndGlobalSection
	GlobalSection(ProjectConfigurationPlatforms) = postSolution
		{1995751C-6F6E-42A2-894D-B2CDE87AAF30}.Ad-Hoc|Any CPU.ActiveCfg = Release|Any CPU
		{1995751C-6F6E-42A2-894D-B2CDE87AAF30}.Ad-Hoc|Any CPU.Build.0 = Release|Any CPU
		{1995751C-6F6E-42A2-894D-B2CDE87AAF30}.Ad-Hoc|Any CPU.Deploy.0 = Release|Any CPU
		{1995751C-6F6E-42A2-894D-B2CDE87AAF30}.Ad-Hoc|ARM.ActiveCfg = Release|Any CPU
		{1995751C-6F6E-42A2-894D-B2CDE87AAF30}.Ad-Hoc|ARM.Build.0 = Release|Any CPU
		{1995751C-6F6E-42A2-894D-B2CDE87AAF30}.Ad-Hoc|ARM.Deploy.0 = Release|Any CPU
		{1995751C-6F6E-42A2-894D-B2CDE87AAF30}.Ad-Hoc|iPhone.ActiveCfg = Release|Any CPU
		{1995751C-6F6E-42A2-894D-B2CDE87AAF30}.Ad-Hoc|iPhone.Build.0 = Release|Any CPU
		{1995751C-6F6E-42A2-894D-B2CDE87AAF30}.Ad-Hoc|iPhone.Deploy.0 = Release|Any CPU
		{1995751C-6F6E-42A2-894D-B2CDE87AAF30}.Ad-Hoc|iPhoneSimulator.ActiveCfg = Release|Any CPU
		{1995751C-6F6E-42A2-894D-B2CDE87AAF30}.Ad-Hoc|iPhoneSimulator.Build.0 = Release|Any CPU
		{1995751C-6F6E-42A2-894D-B2CDE87AAF30}.Ad-Hoc|iPhoneSimulator.Deploy.0 = Release|Any CPU
		{1995751C-6F6E-42A2-894D-B2CDE87AAF30}.Ad-Hoc|x64.ActiveCfg = Release|Any CPU
		{1995751C-6F6E-42A2-894D-B2CDE87AAF30}.Ad-Hoc|x64.Build.0 = Release|Any CPU
		{1995751C-6F6E-42A2-894D-B2CDE87AAF30}.Ad-Hoc|x64.Deploy.0 = Release|Any CPU
		{1995751C-6F6E-42A2-894D-B2CDE87AAF30}.Ad-Hoc|x86.ActiveCfg = Release|Any CPU
		{1995751C-6F6E-42A2-894D-B2CDE87AAF30}.Ad-Hoc|x86.Build.0 = Release|Any CPU
		{1995751C-6F6E-42A2-894D-B2CDE87AAF30}.Ad-Hoc|x86.Deploy.0 = Release|Any CPU
		{1995751C-6F6E-42A2-894D-B2CDE87AAF30}.AppStore|Any CPU.ActiveCfg = Release|Any CPU
		{1995751C-6F6E-42A2-894D-B2CDE87AAF30}.AppStore|Any CPU.Build.0 = Release|Any CPU
		{1995751C-6F6E-42A2-894D-B2CDE87AAF30}.AppStore|Any CPU.Deploy.0 = Release|Any CPU
		{1995751C-6F6E-42A2-894D-B2CDE87AAF30}.AppStore|ARM.ActiveCfg = Release|Any CPU
		{1995751C-6F6E-42A2-894D-B2CDE87AAF30}.AppStore|ARM.Build.0 = Release|Any CPU
		{1995751C-6F6E-42A2-894D-B2CDE87AAF30}.AppStore|ARM.Deploy.0 = Release|Any CPU
		{1995751C-6F6E-42A2-894D-B2CDE87AAF30}.AppStore|iPhone.ActiveCfg = Release|Any CPU
		{1995751C-6F6E-42A2-894D-B2CDE87AAF30}.AppStore|iPhone.Build.0 = Release|Any CPU
		{1995751C-6F6E-42A2-894D-B2CDE87AAF30}.AppStore|iPhone.Deploy.0 = Release|Any CPU
		{1995751C-6F6E-42A2-894D-B2CDE87AAF30}.AppStore|iPhoneSimulator.ActiveCfg = Release|Any CPU
		{1995751C-6F6E-42A2-894D-B2CDE87AAF30}.AppStore|iPhoneSimulator.Build.0 = Release|Any CPU
		{1995751C-6F6E-42A2-894D-B2CDE87AAF30}.AppStore|iPhoneSimulator.Deploy.0 = Release|Any CPU
		{1995751C-6F6E-42A2-894D-B2CDE87AAF30}.AppStore|x64.ActiveCfg = Release|Any CPU
		{1995751C-6F6E-42A2-894D-B2CDE87AAF30}.AppStore|x64.Build.0 = Release|Any CPU
		{1995751C-6F6E-42A2-894D-B2CDE87AAF30}.AppStore|x64.Deploy.0 = Release|Any CPU
		{1995751C-6F6E-42A2-894D-B2CDE87AAF30}.AppStore|x86.ActiveCfg = Release|Any CPU
		{1995751C-6F6E-42A2-894D-B2CDE87AAF30}.AppStore|x86.Build.0 = Release|Any CPU
		{1995751C-6F6E-42A2-894D-B2CDE87AAF30}.AppStore|x86.Deploy.0 = Release|Any CPU
		{1995751C-6F6E-42A2-894D-B2CDE87AAF30}.Debug|Any CPU.ActiveCfg = Debug|Any CPU
		{1995751C-6F6E-42A2-894D-B2CDE87AAF30}.Debug|Any CPU.Build.0 = Debug|Any CPU
		{1995751C-6F6E-42A2-894D-B2CDE87AAF30}.Debug|Any CPU.Deploy.0 = Debug|Any CPU
		{1995751C-6F6E-42A2-894D-B2CDE87AAF30}.Debug|ARM.ActiveCfg = Debug|Any CPU
		{1995751C-6F6E-42A2-894D-B2CDE87AAF30}.Debug|ARM.Build.0 = Debug|Any CPU
		{1995751C-6F6E-42A2-894D-B2CDE87AAF30}.Debug|ARM.Deploy.0 = Debug|Any CPU
		{1995751C-6F6E-42A2-894D-B2CDE87AAF30}.Debug|iPhone.ActiveCfg = Debug|Any CPU
		{1995751C-6F6E-42A2-894D-B2CDE87AAF30}.Debug|iPhone.Build.0 = Debug|Any CPU
		{1995751C-6F6E-42A2-894D-B2CDE87AAF30}.Debug|iPhone.Deploy.0 = Debug|Any CPU
		{1995751C-6F6E-42A2-894D-B2CDE87AAF30}.Debug|iPhoneSimulator.ActiveCfg = Debug|Any CPU
		{1995751C-6F6E-42A2-894D-B2CDE87AAF30}.Debug|iPhoneSimulator.Build.0 = Debug|Any CPU
		{1995751C-6F6E-42A2-894D-B2CDE87AAF30}.Debug|iPhoneSimulator.Deploy.0 = Debug|Any CPU
		{1995751C-6F6E-42A2-894D-B2CDE87AAF30}.Debug|x64.ActiveCfg = Debug|Any CPU
		{1995751C-6F6E-42A2-894D-B2CDE87AAF30}.Debug|x64.Build.0 = Debug|Any CPU
		{1995751C-6F6E-42A2-894D-B2CDE87AAF30}.Debug|x64.Deploy.0 = Debug|Any CPU
		{1995751C-6F6E-42A2-894D-B2CDE87AAF30}.Debug|x86.ActiveCfg = Debug|Any CPU
		{1995751C-6F6E-42A2-894D-B2CDE87AAF30}.Debug|x86.Build.0 = Debug|Any CPU
		{1995751C-6F6E-42A2-894D-B2CDE87AAF30}.Debug|x86.Deploy.0 = Debug|Any CPU
		{1995751C-6F6E-42A2-894D-B2CDE87AAF30}.Release|Any CPU.ActiveCfg = Release|Any CPU
		{1995751C-6F6E-42A2-894D-B2CDE87AAF30}.Release|Any CPU.Build.0 = Release|Any CPU
		{1995751C-6F6E-42A2-894D-B2CDE87AAF30}.Release|Any CPU.Deploy.0 = Release|Any CPU
		{1995751C-6F6E-42A2-894D-B2CDE87AAF30}.Release|ARM.ActiveCfg = Release|Any CPU
		{1995751C-6F6E-42A2-894D-B2CDE87AAF30}.Release|ARM.Build.0 = Release|Any CPU
		{1995751C-6F6E-42A2-894D-B2CDE87AAF30}.Release|ARM.Deploy.0 = Release|Any CPU
		{1995751C-6F6E-42A2-894D-B2CDE87AAF30}.Release|iPhone.ActiveCfg = Release|Any CPU
		{1995751C-6F6E-42A2-894D-B2CDE87AAF30}.Release|iPhone.Build.0 = Release|Any CPU
		{1995751C-6F6E-42A2-894D-B2CDE87AAF30}.Release|iPhone.Deploy.0 = Release|Any CPU
		{1995751C-6F6E-42A2-894D-B2CDE87AAF30}.Release|iPhoneSimulator.ActiveCfg = Release|Any CPU
		{1995751C-6F6E-42A2-894D-B2CDE87AAF30}.Release|iPhoneSimulator.Build.0 = Release|Any CPU
		{1995751C-6F6E-42A2-894D-B2CDE87AAF30}.Release|iPhoneSimulator.Deploy.0 = Release|Any CPU
		{1995751C-6F6E-42A2-894D-B2CDE87AAF30}.Release|x64.ActiveCfg = Release|Any CPU
		{1995751C-6F6E-42A2-894D-B2CDE87AAF30}.Release|x64.Build.0 = Release|Any CPU
		{1995751C-6F6E-42A2-894D-B2CDE87AAF30}.Release|x64.Deploy.0 = Release|Any CPU
		{1995751C-6F6E-42A2-894D-B2CDE87AAF30}.Release|x86.ActiveCfg = Release|Any CPU
		{1995751C-6F6E-42A2-894D-B2CDE87AAF30}.Release|x86.Build.0 = Release|Any CPU
		{1995751C-6F6E-42A2-894D-B2CDE87AAF30}.Release|x86.Deploy.0 = Release|Any CPU
		{3BB3E283-9049-42DE-A072-C458F2BDFA28}.Ad-Hoc|Any CPU.ActiveCfg = Ad-Hoc|iPhone
		{3BB3E283-9049-42DE-A072-C458F2BDFA28}.Ad-Hoc|Any CPU.Build.0 = Ad-Hoc|iPhone
		{3BB3E283-9049-42DE-A072-C458F2BDFA28}.Ad-Hoc|Any CPU.Deploy.0 = Ad-Hoc|iPhone
		{3BB3E283-9049-42DE-A072-C458F2BDFA28}.Ad-Hoc|ARM.ActiveCfg = Ad-Hoc|iPhone
		{3BB3E283-9049-42DE-A072-C458F2BDFA28}.Ad-Hoc|ARM.Build.0 = Ad-Hoc|iPhone
		{3BB3E283-9049-42DE-A072-C458F2BDFA28}.Ad-Hoc|ARM.Deploy.0 = Ad-Hoc|iPhone
		{3BB3E283-9049-42DE-A072-C458F2BDFA28}.Ad-Hoc|iPhone.ActiveCfg = Ad-Hoc|iPhone
		{3BB3E283-9049-42DE-A072-C458F2BDFA28}.Ad-Hoc|iPhone.Build.0 = Ad-Hoc|iPhone
		{3BB3E283-9049-42DE-A072-C458F2BDFA28}.Ad-Hoc|iPhone.Deploy.0 = Ad-Hoc|iPhone
		{3BB3E283-9049-42DE-A072-C458F2BDFA28}.Ad-Hoc|iPhoneSimulator.ActiveCfg = Ad-Hoc|iPhoneSimulator
		{3BB3E283-9049-42DE-A072-C458F2BDFA28}.Ad-Hoc|iPhoneSimulator.Build.0 = Ad-Hoc|iPhoneSimulator
		{3BB3E283-9049-42DE-A072-C458F2BDFA28}.Ad-Hoc|iPhoneSimulator.Deploy.0 = Ad-Hoc|iPhoneSimulator
		{3BB3E283-9049-42DE-A072-C458F2BDFA28}.Ad-Hoc|x64.ActiveCfg = Ad-Hoc|iPhone
		{3BB3E283-9049-42DE-A072-C458F2BDFA28}.Ad-Hoc|x64.Build.0 = Ad-Hoc|iPhone
		{3BB3E283-9049-42DE-A072-C458F2BDFA28}.Ad-Hoc|x64.Deploy.0 = Ad-Hoc|iPhone
		{3BB3E283-9049-42DE-A072-C458F2BDFA28}.Ad-Hoc|x86.ActiveCfg = Ad-Hoc|iPhone
		{3BB3E283-9049-42DE-A072-C458F2BDFA28}.Ad-Hoc|x86.Build.0 = Ad-Hoc|iPhone
		{3BB3E283-9049-42DE-A072-C458F2BDFA28}.Ad-Hoc|x86.Deploy.0 = Ad-Hoc|iPhone
		{3BB3E283-9049-42DE-A072-C458F2BDFA28}.AppStore|Any CPU.ActiveCfg = AppStore|iPhone
		{3BB3E283-9049-42DE-A072-C458F2BDFA28}.AppStore|Any CPU.Build.0 = AppStore|iPhone
		{3BB3E283-9049-42DE-A072-C458F2BDFA28}.AppStore|Any CPU.Deploy.0 = AppStore|iPhone
		{3BB3E283-9049-42DE-A072-C458F2BDFA28}.AppStore|ARM.ActiveCfg = AppStore|iPhone
		{3BB3E283-9049-42DE-A072-C458F2BDFA28}.AppStore|ARM.Build.0 = AppStore|iPhone
		{3BB3E283-9049-42DE-A072-C458F2BDFA28}.AppStore|ARM.Deploy.0 = AppStore|iPhone
		{3BB3E283-9049-42DE-A072-C458F2BDFA28}.AppStore|iPhone.ActiveCfg = AppStore|iPhone
		{3BB3E283-9049-42DE-A072-C458F2BDFA28}.AppStore|iPhone.Build.0 = AppStore|iPhone
		{3BB3E283-9049-42DE-A072-C458F2BDFA28}.AppStore|iPhone.Deploy.0 = AppStore|iPhone
		{3BB3E283-9049-42DE-A072-C458F2BDFA28}.AppStore|iPhoneSimulator.ActiveCfg = AppStore|iPhoneSimulator
		{3BB3E283-9049-42DE-A072-C458F2BDFA28}.AppStore|iPhoneSimulator.Build.0 = AppStore|iPhoneSimulator
		{3BB3E283-9049-42DE-A072-C458F2BDFA28}.AppStore|iPhoneSimulator.Deploy.0 = AppStore|iPhoneSimulator
		{3BB3E283-9049-42DE-A072-C458F2BDFA28}.AppStore|x64.ActiveCfg = AppStore|iPhone
		{3BB3E283-9049-42DE-A072-C458F2BDFA28}.AppStore|x64.Build.0 = AppStore|iPhone
		{3BB3E283-9049-42DE-A072-C458F2BDFA28}.AppStore|x64.Deploy.0 = AppStore|iPhone
		{3BB3E283-9049-42DE-A072-C458F2BDFA28}.AppStore|x86.ActiveCfg = AppStore|iPhone
		{3BB3E283-9049-42DE-A072-C458F2BDFA28}.AppStore|x86.Build.0 = AppStore|iPhone
		{3BB3E283-9049-42DE-A072-C458F2BDFA28}.AppStore|x86.Deploy.0 = AppStore|iPhone
		{3BB3E283-9049-42DE-A072-C458F2BDFA28}.Debug|Any CPU.ActiveCfg = Debug|iPhoneSimulator
		{3BB3E283-9049-42DE-A072-C458F2BDFA28}.Debug|Any CPU.Build.0 = Debug|iPhoneSimulator
		{3BB3E283-9049-42DE-A072-C458F2BDFA28}.Debug|Any CPU.Deploy.0 = Debug|iPhoneSimulator
		{3BB3E283-9049-42DE-A072-C458F2BDFA28}.Debug|ARM.ActiveCfg = Debug|iPhone
		{3BB3E283-9049-42DE-A072-C458F2BDFA28}.Debug|ARM.Build.0 = Debug|iPhone
		{3BB3E283-9049-42DE-A072-C458F2BDFA28}.Debug|ARM.Deploy.0 = Debug|iPhone
		{3BB3E283-9049-42DE-A072-C458F2BDFA28}.Debug|iPhone.ActiveCfg = Debug|iPhone
		{3BB3E283-9049-42DE-A072-C458F2BDFA28}.Debug|iPhone.Build.0 = Debug|iPhone
		{3BB3E283-9049-42DE-A072-C458F2BDFA28}.Debug|iPhone.Deploy.0 = Debug|iPhone
		{3BB3E283-9049-42DE-A072-C458F2BDFA28}.Debug|iPhoneSimulator.ActiveCfg = Debug|iPhoneSimulator
		{3BB3E283-9049-42DE-A072-C458F2BDFA28}.Debug|iPhoneSimulator.Build.0 = Debug|iPhoneSimulator
		{3BB3E283-9049-42DE-A072-C458F2BDFA28}.Debug|iPhoneSimulator.Deploy.0 = Debug|iPhoneSimulator
		{3BB3E283-9049-42DE-A072-C458F2BDFA28}.Debug|x64.ActiveCfg = Debug|iPhone
		{3BB3E283-9049-42DE-A072-C458F2BDFA28}.Debug|x64.Build.0 = Debug|iPhone
		{3BB3E283-9049-42DE-A072-C458F2BDFA28}.Debug|x64.Deploy.0 = Debug|iPhone
		{3BB3E283-9049-42DE-A072-C458F2BDFA28}.Debug|x86.ActiveCfg = Debug|iPhone
		{3BB3E283-9049-42DE-A072-C458F2BDFA28}.Debug|x86.Build.0 = Debug|iPhone
		{3BB3E283-9049-42DE-A072-C458F2BDFA28}.Debug|x86.Deploy.0 = Debug|iPhone
		{3BB3E283-9049-42DE-A072-C458F2BDFA28}.Release|Any CPU.ActiveCfg = Release|iPhone
		{3BB3E283-9049-42DE-A072-C458F2BDFA28}.Release|Any CPU.Build.0 = Release|iPhone
		{3BB3E283-9049-42DE-A072-C458F2BDFA28}.Release|Any CPU.Deploy.0 = Release|iPhone
		{3BB3E283-9049-42DE-A072-C458F2BDFA28}.Release|ARM.ActiveCfg = Release|iPhone
		{3BB3E283-9049-42DE-A072-C458F2BDFA28}.Release|ARM.Build.0 = Release|iPhone
		{3BB3E283-9049-42DE-A072-C458F2BDFA28}.Release|ARM.Deploy.0 = Release|iPhone
		{3BB3E283-9049-42DE-A072-C458F2BDFA28}.Release|iPhone.ActiveCfg = Release|iPhone
		{3BB3E283-9049-42DE-A072-C458F2BDFA28}.Release|iPhone.Build.0 = Release|iPhone
		{3BB3E283-9049-42DE-A072-C458F2BDFA28}.Release|iPhone.Deploy.0 = Release|iPhone
		{3BB3E283-9049-42DE-A072-C458F2BDFA28}.Release|iPhoneSimulator.ActiveCfg = Release|iPhoneSimulator
		{3BB3E283-9049-42DE-A072-C458F2BDFA28}.Release|iPhoneSimulator.Build.0 = Release|iPhoneSimulator
		{3BB3E283-9049-42DE-A072-C458F2BDFA28}.Release|iPhoneSimulator.Deploy.0 = Release|iPhoneSimulator
		{3BB3E283-9049-42DE-A072-C458F2BDFA28}.Release|x64.ActiveCfg = Release|iPhone
		{3BB3E283-9049-42DE-A072-C458F2BDFA28}.Release|x64.Build.0 = Release|iPhone
		{3BB3E283-9049-42DE-A072-C458F2BDFA28}.Release|x64.Deploy.0 = Release|iPhone
		{3BB3E283-9049-42DE-A072-C458F2BDFA28}.Release|x86.ActiveCfg = Release|iPhone
		{3BB3E283-9049-42DE-A072-C458F2BDFA28}.Release|x86.Build.0 = Release|iPhone
		{3BB3E283-9049-42DE-A072-C458F2BDFA28}.Release|x86.Deploy.0 = Release|iPhone
		{F937EADA-C469-42A5-90E2-F3F5DF754788}.Ad-Hoc|Any CPU.ActiveCfg = Release|x86
		{F937EADA-C469-42A5-90E2-F3F5DF754788}.Ad-Hoc|Any CPU.Build.0 = Release|x86
		{F937EADA-C469-42A5-90E2-F3F5DF754788}.Ad-Hoc|Any CPU.Deploy.0 = Release|x86
		{F937EADA-C469-42A5-90E2-F3F5DF754788}.Ad-Hoc|ARM.ActiveCfg = Release|ARM
		{F937EADA-C469-42A5-90E2-F3F5DF754788}.Ad-Hoc|ARM.Build.0 = Release|ARM
		{F937EADA-C469-42A5-90E2-F3F5DF754788}.Ad-Hoc|ARM.Deploy.0 = Release|ARM
		{F937EADA-C469-42A5-90E2-F3F5DF754788}.Ad-Hoc|iPhone.ActiveCfg = Release|x86
		{F937EADA-C469-42A5-90E2-F3F5DF754788}.Ad-Hoc|iPhone.Build.0 = Release|x86
		{F937EADA-C469-42A5-90E2-F3F5DF754788}.Ad-Hoc|iPhone.Deploy.0 = Release|x86
		{F937EADA-C469-42A5-90E2-F3F5DF754788}.Ad-Hoc|iPhoneSimulator.ActiveCfg = Release|x86
		{F937EADA-C469-42A5-90E2-F3F5DF754788}.Ad-Hoc|iPhoneSimulator.Build.0 = Release|x86
		{F937EADA-C469-42A5-90E2-F3F5DF754788}.Ad-Hoc|iPhoneSimulator.Deploy.0 = Release|x86
		{F937EADA-C469-42A5-90E2-F3F5DF754788}.Ad-Hoc|x64.ActiveCfg = Release|x64
		{F937EADA-C469-42A5-90E2-F3F5DF754788}.Ad-Hoc|x64.Build.0 = Release|x64
		{F937EADA-C469-42A5-90E2-F3F5DF754788}.Ad-Hoc|x64.Deploy.0 = Release|x64
		{F937EADA-C469-42A5-90E2-F3F5DF754788}.Ad-Hoc|x86.ActiveCfg = Release|x86
		{F937EADA-C469-42A5-90E2-F3F5DF754788}.Ad-Hoc|x86.Build.0 = Release|x86
		{F937EADA-C469-42A5-90E2-F3F5DF754788}.Ad-Hoc|x86.Deploy.0 = Release|x86
		{F937EADA-C469-42A5-90E2-F3F5DF754788}.AppStore|Any CPU.ActiveCfg = Release|x86
		{F937EADA-C469-42A5-90E2-F3F5DF754788}.AppStore|Any CPU.Build.0 = Release|x86
		{F937EADA-C469-42A5-90E2-F3F5DF754788}.AppStore|Any CPU.Deploy.0 = Release|x86
		{F937EADA-C469-42A5-90E2-F3F5DF754788}.AppStore|ARM.ActiveCfg = Release|ARM
		{F937EADA-C469-42A5-90E2-F3F5DF754788}.AppStore|ARM.Build.0 = Release|ARM
		{F937EADA-C469-42A5-90E2-F3F5DF754788}.AppStore|ARM.Deploy.0 = Release|ARM
		{F937EADA-C469-42A5-90E2-F3F5DF754788}.AppStore|iPhone.ActiveCfg = Release|x86
		{F937EADA-C469-42A5-90E2-F3F5DF754788}.AppStore|iPhone.Build.0 = Release|x86
		{F937EADA-C469-42A5-90E2-F3F5DF754788}.AppStore|iPhone.Deploy.0 = Release|x86
		{F937EADA-C469-42A5-90E2-F3F5DF754788}.AppStore|iPhoneSimulator.ActiveCfg = Release|x86
		{F937EADA-C469-42A5-90E2-F3F5DF754788}.AppStore|iPhoneSimulator.Build.0 = Release|x86
		{F937EADA-C469-42A5-90E2-F3F5DF754788}.AppStore|iPhoneSimulator.Deploy.0 = Release|x86
		{F937EADA-C469-42A5-90E2-F3F5DF754788}.AppStore|x64.ActiveCfg = Release|x64
		{F937EADA-C469-42A5-90E2-F3F5DF754788}.AppStore|x64.Build.0 = Release|x64
		{F937EADA-C469-42A5-90E2-F3F5DF754788}.AppStore|x64.Deploy.0 = Release|x64
		{F937EADA-C469-42A5-90E2-F3F5DF754788}.AppStore|x86.ActiveCfg = Release|x86
		{F937EADA-C469-42A5-90E2-F3F5DF754788}.AppStore|x86.Build.0 = Release|x86
		{F937EADA-C469-42A5-90E2-F3F5DF754788}.AppStore|x86.Deploy.0 = Release|x86
		{F937EADA-C469-42A5-90E2-F3F5DF754788}.Debug|Any CPU.ActiveCfg = Debug|x86
		{F937EADA-C469-42A5-90E2-F3F5DF754788}.Debug|Any CPU.Build.0 = Debug|x86
		{F937EADA-C469-42A5-90E2-F3F5DF754788}.Debug|Any CPU.Deploy.0 = Debug|x86
		{F937EADA-C469-42A5-90E2-F3F5DF754788}.Debug|ARM.ActiveCfg = Debug|ARM
		{F937EADA-C469-42A5-90E2-F3F5DF754788}.Debug|ARM.Build.0 = Debug|ARM
		{F937EADA-C469-42A5-90E2-F3F5DF754788}.Debug|ARM.Deploy.0 = Debug|ARM
		{F937EADA-C469-42A5-90E2-F3F5DF754788}.Debug|iPhone.ActiveCfg = Debug|x86
		{F937EADA-C469-42A5-90E2-F3F5DF754788}.Debug|iPhone.Build.0 = Debug|x86
		{F937EADA-C469-42A5-90E2-F3F5DF754788}.Debug|iPhone.Deploy.0 = Debug|x86
		{F937EADA-C469-42A5-90E2-F3F5DF754788}.Debug|iPhoneSimulator.ActiveCfg = Debug|x86
		{F937EADA-C469-42A5-90E2-F3F5DF754788}.Debug|iPhoneSimulator.Build.0 = Debug|x86
		{F937EADA-C469-42A5-90E2-F3F5DF754788}.Debug|iPhoneSimulator.Deploy.0 = Debug|x86
		{F937EADA-C469-42A5-90E2-F3F5DF754788}.Debug|x64.ActiveCfg = Debug|x64
		{F937EADA-C469-42A5-90E2-F3F5DF754788}.Debug|x64.Build.0 = Debug|x64
		{F937EADA-C469-42A5-90E2-F3F5DF754788}.Debug|x64.Deploy.0 = Debug|x64
		{F937EADA-C469-42A5-90E2-F3F5DF754788}.Debug|x86.ActiveCfg = Debug|x86
		{F937EADA-C469-42A5-90E2-F3F5DF754788}.Debug|x86.Build.0 = Debug|x86
		{F937EADA-C469-42A5-90E2-F3F5DF754788}.Debug|x86.Deploy.0 = Debug|x86
		{F937EADA-C469-42A5-90E2-F3F5DF754788}.Release|Any CPU.ActiveCfg = Release|x86
		{F937EADA-C469-42A5-90E2-F3F5DF754788}.Release|Any CPU.Build.0 = Release|x86
		{F937EADA-C469-42A5-90E2-F3F5DF754788}.Release|Any CPU.Deploy.0 = Release|x86
		{F937EADA-C469-42A5-90E2-F3F5DF754788}.Release|ARM.ActiveCfg = Release|ARM
		{F937EADA-C469-42A5-90E2-F3F5DF754788}.Release|ARM.Build.0 = Release|ARM
		{F937EADA-C469-42A5-90E2-F3F5DF754788}.Release|ARM.Deploy.0 = Release|ARM
		{F937EADA-C469-42A5-90E2-F3F5DF754788}.Release|iPhone.ActiveCfg = Release|x86
		{F937EADA-C469-42A5-90E2-F3F5DF754788}.Release|iPhone.Build.0 = Release|x86
		{F937EADA-C469-42A5-90E2-F3F5DF754788}.Release|iPhone.Deploy.0 = Release|x86
		{F937EADA-C469-42A5-90E2-F3F5DF754788}.Release|iPhoneSimulator.ActiveCfg = Release|x86
		{F937EADA-C469-42A5-90E2-F3F5DF754788}.Release|iPhoneSimulator.Build.0 = Release|x86
		{F937EADA-C469-42A5-90E2-F3F5DF754788}.Release|iPhoneSimulator.Deploy.0 = Release|x86
		{F937EADA-C469-42A5-90E2-F3F5DF754788}.Release|x64.ActiveCfg = Release|x64
		{F937EADA-C469-42A5-90E2-F3F5DF754788}.Release|x64.Build.0 = Release|x64
		{F937EADA-C469-42A5-90E2-F3F5DF754788}.Release|x64.Deploy.0 = Release|x64
		{F937EADA-C469-42A5-90E2-F3F5DF754788}.Release|x86.ActiveCfg = Release|x86
		{F937EADA-C469-42A5-90E2-F3F5DF754788}.Release|x86.Build.0 = Release|x86
		{F937EADA-C469-42A5-90E2-F3F5DF754788}.Release|x86.Deploy.0 = Release|x86
		{753BE8F3-122F-434A-956C-D32804249D21}.Ad-Hoc|Any CPU.ActiveCfg = Debug|Any CPU
		{753BE8F3-122F-434A-956C-D32804249D21}.Ad-Hoc|Any CPU.Build.0 = Debug|Any CPU
		{753BE8F3-122F-434A-956C-D32804249D21}.Ad-Hoc|Any CPU.Deploy.0 = Debug|Any CPU
		{753BE8F3-122F-434A-956C-D32804249D21}.Ad-Hoc|ARM.ActiveCfg = Debug|Any CPU
		{753BE8F3-122F-434A-956C-D32804249D21}.Ad-Hoc|ARM.Build.0 = Debug|Any CPU
		{753BE8F3-122F-434A-956C-D32804249D21}.Ad-Hoc|ARM.Deploy.0 = Debug|Any CPU
		{753BE8F3-122F-434A-956C-D32804249D21}.Ad-Hoc|iPhone.ActiveCfg = Debug|Any CPU
		{753BE8F3-122F-434A-956C-D32804249D21}.Ad-Hoc|iPhone.Build.0 = Debug|Any CPU
		{753BE8F3-122F-434A-956C-D32804249D21}.Ad-Hoc|iPhone.Deploy.0 = Debug|Any CPU
		{753BE8F3-122F-434A-956C-D32804249D21}.Ad-Hoc|iPhoneSimulator.ActiveCfg = Debug|Any CPU
		{753BE8F3-122F-434A-956C-D32804249D21}.Ad-Hoc|iPhoneSimulator.Build.0 = Debug|Any CPU
		{753BE8F3-122F-434A-956C-D32804249D21}.Ad-Hoc|iPhoneSimulator.Deploy.0 = Debug|Any CPU
		{753BE8F3-122F-434A-956C-D32804249D21}.Ad-Hoc|x64.ActiveCfg = Debug|Any CPU
		{753BE8F3-122F-434A-956C-D32804249D21}.Ad-Hoc|x64.Build.0 = Debug|Any CPU
		{753BE8F3-122F-434A-956C-D32804249D21}.Ad-Hoc|x64.Deploy.0 = Debug|Any CPU
		{753BE8F3-122F-434A-956C-D32804249D21}.Ad-Hoc|x86.ActiveCfg = Debug|Any CPU
		{753BE8F3-122F-434A-956C-D32804249D21}.Ad-Hoc|x86.Build.0 = Debug|Any CPU
		{753BE8F3-122F-434A-956C-D32804249D21}.Ad-Hoc|x86.Deploy.0 = Debug|Any CPU
		{753BE8F3-122F-434A-956C-D32804249D21}.AppStore|Any CPU.ActiveCfg = Debug|Any CPU
		{753BE8F3-122F-434A-956C-D32804249D21}.AppStore|Any CPU.Build.0 = Debug|Any CPU
		{753BE8F3-122F-434A-956C-D32804249D21}.AppStore|Any CPU.Deploy.0 = Debug|Any CPU
		{753BE8F3-122F-434A-956C-D32804249D21}.AppStore|ARM.ActiveCfg = Debug|Any CPU
		{753BE8F3-122F-434A-956C-D32804249D21}.AppStore|ARM.Build.0 = Debug|Any CPU
		{753BE8F3-122F-434A-956C-D32804249D21}.AppStore|ARM.Deploy.0 = Debug|Any CPU
		{753BE8F3-122F-434A-956C-D32804249D21}.AppStore|iPhone.ActiveCfg = Debug|Any CPU
		{753BE8F3-122F-434A-956C-D32804249D21}.AppStore|iPhone.Build.0 = Debug|Any CPU
		{753BE8F3-122F-434A-956C-D32804249D21}.AppStore|iPhone.Deploy.0 = Debug|Any CPU
		{753BE8F3-122F-434A-956C-D32804249D21}.AppStore|iPhoneSimulator.ActiveCfg = Debug|Any CPU
		{753BE8F3-122F-434A-956C-D32804249D21}.AppStore|iPhoneSimulator.Build.0 = Debug|Any CPU
		{753BE8F3-122F-434A-956C-D32804249D21}.AppStore|iPhoneSimulator.Deploy.0 = Debug|Any CPU
		{753BE8F3-122F-434A-956C-D32804249D21}.AppStore|x64.ActiveCfg = Debug|Any CPU
		{753BE8F3-122F-434A-956C-D32804249D21}.AppStore|x64.Build.0 = Debug|Any CPU
		{753BE8F3-122F-434A-956C-D32804249D21}.AppStore|x64.Deploy.0 = Debug|Any CPU
		{753BE8F3-122F-434A-956C-D32804249D21}.AppStore|x86.ActiveCfg = Debug|Any CPU
		{753BE8F3-122F-434A-956C-D32804249D21}.AppStore|x86.Build.0 = Debug|Any CPU
		{753BE8F3-122F-434A-956C-D32804249D21}.AppStore|x86.Deploy.0 = Debug|Any CPU
		{753BE8F3-122F-434A-956C-D32804249D21}.Debug|Any CPU.ActiveCfg = Debug|Any CPU
		{753BE8F3-122F-434A-956C-D32804249D21}.Debug|Any CPU.Build.0 = Debug|Any CPU
		{753BE8F3-122F-434A-956C-D32804249D21}.Debug|Any CPU.Deploy.0 = Debug|Any CPU
		{753BE8F3-122F-434A-956C-D32804249D21}.Debug|ARM.ActiveCfg = Debug|Any CPU
		{753BE8F3-122F-434A-956C-D32804249D21}.Debug|ARM.Build.0 = Debug|Any CPU
		{753BE8F3-122F-434A-956C-D32804249D21}.Debug|ARM.Deploy.0 = Debug|Any CPU
		{753BE8F3-122F-434A-956C-D32804249D21}.Debug|iPhone.ActiveCfg = Debug|Any CPU
		{753BE8F3-122F-434A-956C-D32804249D21}.Debug|iPhone.Build.0 = Debug|Any CPU
		{753BE8F3-122F-434A-956C-D32804249D21}.Debug|iPhone.Deploy.0 = Debug|Any CPU
		{753BE8F3-122F-434A-956C-D32804249D21}.Debug|iPhoneSimulator.ActiveCfg = Debug|Any CPU
		{753BE8F3-122F-434A-956C-D32804249D21}.Debug|iPhoneSimulator.Build.0 = Debug|Any CPU
		{753BE8F3-122F-434A-956C-D32804249D21}.Debug|iPhoneSimulator.Deploy.0 = Debug|Any CPU
		{753BE8F3-122F-434A-956C-D32804249D21}.Debug|x64.ActiveCfg = Debug|Any CPU
		{753BE8F3-122F-434A-956C-D32804249D21}.Debug|x64.Build.0 = Debug|Any CPU
		{753BE8F3-122F-434A-956C-D32804249D21}.Debug|x64.Deploy.0 = Debug|Any CPU
		{753BE8F3-122F-434A-956C-D32804249D21}.Debug|x86.ActiveCfg = Debug|Any CPU
		{753BE8F3-122F-434A-956C-D32804249D21}.Debug|x86.Build.0 = Debug|Any CPU
		{753BE8F3-122F-434A-956C-D32804249D21}.Debug|x86.Deploy.0 = Debug|Any CPU
		{753BE8F3-122F-434A-956C-D32804249D21}.Release|Any CPU.ActiveCfg = Release|Any CPU
		{753BE8F3-122F-434A-956C-D32804249D21}.Release|Any CPU.Build.0 = Release|Any CPU
		{753BE8F3-122F-434A-956C-D32804249D21}.Release|Any CPU.Deploy.0 = Release|Any CPU
		{753BE8F3-122F-434A-956C-D32804249D21}.Release|ARM.ActiveCfg = Release|Any CPU
		{753BE8F3-122F-434A-956C-D32804249D21}.Release|ARM.Build.0 = Release|Any CPU
		{753BE8F3-122F-434A-956C-D32804249D21}.Release|ARM.Deploy.0 = Release|Any CPU
		{753BE8F3-122F-434A-956C-D32804249D21}.Release|iPhone.ActiveCfg = Release|Any CPU
		{753BE8F3-122F-434A-956C-D32804249D21}.Release|iPhone.Build.0 = Release|Any CPU
		{753BE8F3-122F-434A-956C-D32804249D21}.Release|iPhone.Deploy.0 = Release|Any CPU
		{753BE8F3-122F-434A-956C-D32804249D21}.Release|iPhoneSimulator.ActiveCfg = Release|Any CPU
		{753BE8F3-122F-434A-956C-D32804249D21}.Release|iPhoneSimulator.Build.0 = Release|Any CPU
		{753BE8F3-122F-434A-956C-D32804249D21}.Release|iPhoneSimulator.Deploy.0 = Release|Any CPU
		{753BE8F3-122F-434A-956C-D32804249D21}.Release|x64.ActiveCfg = Release|Any CPU
		{753BE8F3-122F-434A-956C-D32804249D21}.Release|x64.Build.0 = Release|Any CPU
		{753BE8F3-122F-434A-956C-D32804249D21}.Release|x64.Deploy.0 = Release|Any CPU
		{753BE8F3-122F-434A-956C-D32804249D21}.Release|x86.ActiveCfg = Release|Any CPU
		{753BE8F3-122F-434A-956C-D32804249D21}.Release|x86.Build.0 = Release|Any CPU
		{753BE8F3-122F-434A-956C-D32804249D21}.Release|x86.Deploy.0 = Release|Any CPU
	EndGlobalSection
	GlobalSection(SolutionProperties) = preSolution
		HideSolutionNode = FALSE
	EndGlobalSection
	GlobalSection(ExtensibilityGlobals) = postSolution
		SolutionGuid = {3D26399A-06E1-4362-AFE1-C5908F5C61D3}
	EndGlobalSection
EndGlobal
